
Microsoft Visual Studio Solution File, Format Version 12.00
# Visual Studio Version 16
VisualStudioVersion = 16.0.29613.14
MinimumVisualStudioVersion = 10.0.40219.1
Project("{2150E333-8FDC-42A3-9474-1A3956D46DE8}") = "01 Application", "01 Application", "{78E4D6AB-483E-4A47-8AC3-B7C7AA234C04}"
EndProject
Project("{2150E333-8FDC-42A3-9474-1A3956D46DE8}") = "03 Model", "03 Model", "{45A1752E-C576-42B4-B3B5-6FD51A3E5DD3}"
EndProject
Project("{2150E333-8FDC-42A3-9474-1A3956D46DE8}") = "04 Infrastructure", "04 Infrastructure", "{3561EA2A-5D33-4189-81AC-91334D5150BC}"
EndProject
Project("{2150E333-8FDC-42A3-9474-1A3956D46DE8}") = "05 Vertical", "05 Vertical", "{F738F09E-3C90-41F2-9AEF-D57EE20B30AD}"
EndProject
Project("{9A19103F-16F7-4668-BE54-9A1E7A4F7556}") = "Krino.Vertical.Utils", "Krino.Vertical.Utils\Krino.Vertical.Utils.csproj", "{2337182D-889D-466F-915B-6C4A0E205DB2}"
EndProject
Project("{9A19103F-16F7-4668-BE54-9A1E7A4F7556}") = "Krino.Vertical.Utils_Tests", "Krino.Vertical.Utils_Tests\Krino.Vertical.Utils_Tests.csproj", "{4EEED32B-9E5A-444C-93D1-B4D0BF5AB93D}"
EndProject
Project("{9A19103F-16F7-4668-BE54-9A1E7A4F7556}") = "Krino.Domain.ConstructiveAdpositionalGrammar", "Krino.Domain.ConstructiveAdpositionalGrammar\Krino.Domain.ConstructiveAdpositionalGrammar.csproj", "{F02994F7-32A2-4D9D-9184-B55315003A77}"
EndProject
Project("{9A19103F-16F7-4668-BE54-9A1E7A4F7556}") = "Krino.Domain.ConstructiveAdpositionalGrammar.Tests", "Krino.Domain.ConstructiveAdpositionalGrammar.Tests\Krino.Domain.ConstructiveAdpositionalGrammar.Tests.csproj", "{33450832-2032-4B58-B523-E456C985C4B0}"
EndProject
Project("{9A19103F-16F7-4668-BE54-9A1E7A4F7556}") = "Krino.GretaTest", "Krino.GretaTest\Krino.GretaTest.csproj", "{11462B2C-56BE-4021-84B3-CFC61F7F4EFA}"
EndProject
Project("{9A19103F-16F7-4668-BE54-9A1E7A4F7556}") = "Krino.Domain.EnglishGrammar", "Krino.Domain.EnglishGrammar\Krino.Domain.EnglishGrammar.csproj", "{1FE29D4C-0D92-4CB5-90ED-73CCA64A01A3}"
EndProject
Project("{9A19103F-16F7-4668-BE54-9A1E7A4F7556}") = "Krino.Domain.EnglishGrammar.Tests", "Krino.Domain.EnglishGrammar.Tests\Krino.Domain.EnglishGrammar.Tests.csproj", "{D9B8C51C-AAA3-4408-AFAB-8EDB61BD4713}"
EndProject
Project("{9A19103F-16F7-4668-BE54-9A1E7A4F7556}") = "Krino.Domain.ConstructiveAdpositionalArgumentation", "Krino.Domain.ConstructiveAdpositionalArgumentation\Krino.Domain.ConstructiveAdpositionalArgumentation.csproj", "{0B49CF96-EC0A-49EC-8D5B-0B5AE88F194C}"
EndProject
Project("{9A19103F-16F7-4668-BE54-9A1E7A4F7556}") = "Krino.WebApp", "Krino.WebApp\Krino.WebApp.csproj", "{BA9DA7CA-6CDF-4692-8429-AB0B522E0A16}"
EndProject
Project("{2150E333-8FDC-42A3-9474-1A3956D46DE8}") = "02 ViewModel", "02 ViewModel", "{2284589E-ACEB-455D-9085-89BFB4EB1F1C}"
EndProject
Project("{9A19103F-16F7-4668-BE54-9A1E7A4F7556}") = "Krino.ViewModel", "Krino.ViewModel\Krino.ViewModel.csproj", "{463786A2-95E9-4B2A-9F84-FDAE5A454454}"
EndProject
Project("{9A19103F-16F7-4668-BE54-9A1E7A4F7556}") = "Krino.ViewModel.Tests", "Krino.ViewModel.Tests\Krino.ViewModel.Tests.csproj", "{EED163A2-0231-470A-BB6F-1E6D587B96E5}"
EndProject
Project("{9A19103F-16F7-4668-BE54-9A1E7A4F7556}") = "Krino.Domain.EnglishDictionary", "Krino.Domain.EnglishDictionary\Krino.Domain.EnglishDictionary.csproj", "{F9B3FEB0-CE45-4143-8814-2193D224C040}"
EndProject
Project("{9A19103F-16F7-4668-BE54-9A1E7A4F7556}") = "Krino.Domain.EnglishDictionary.Tests", "Krino.Domain.EnglishDictionary.Tests\Krino.Domain.EnglishDictionary.Tests.csproj", "{AE91EF10-A1E6-439D-A04F-21DF36CB60BC}"
EndProject
Project("{9A19103F-16F7-4668-BE54-9A1E7A4F7556}") = "Krino.Domain.ConstructiveAdpositionalArgumentation.Tests", "Krino.Domain.ConstructiveAdpositionalArgumentation.Tests\Krino.Domain.ConstructiveAdpositionalArgumentation.Tests.csproj", "{F0D4CD2C-BDF8-4BFF-9811-17B4D7B12810}"
EndProject
Project("{FAE04EC0-301F-11D3-BF4B-00C04F79EFBC}") = "Krino.Prolog.Client", "Krino.Prolog.Client\Krino.Prolog.Client.csproj", "{CC199EC0-EABB-4E91-917E-9E4440E85D0A}"
EndProject
Project("{FAE04EC0-301F-11D3-BF4B-00C04F79EFBC}") = "Krino.Prolog.Client.Tests", "Krino.Prolog.Client.Tests\Krino.Prolog.Client.Tests.csproj", "{6F9D7B20-1DA5-441E-8F57-0448C065D3D0}"
EndProject
Global
	GlobalSection(SolutionConfigurationPlatforms) = preSolution
		Debug|Any CPU = Debug|Any CPU
		Release|Any CPU = Release|Any CPU
	EndGlobalSection
	GlobalSection(ProjectConfigurationPlatforms) = postSolution
		{2337182D-889D-466F-915B-6C4A0E205DB2}.Debug|Any CPU.ActiveCfg = Debug|Any CPU
		{2337182D-889D-466F-915B-6C4A0E205DB2}.Debug|Any CPU.Build.0 = Debug|Any CPU
		{2337182D-889D-466F-915B-6C4A0E205DB2}.Release|Any CPU.ActiveCfg = Release|Any CPU
		{2337182D-889D-466F-915B-6C4A0E205DB2}.Release|Any CPU.Build.0 = Release|Any CPU
		{4EEED32B-9E5A-444C-93D1-B4D0BF5AB93D}.Debug|Any CPU.ActiveCfg = Debug|Any CPU
		{4EEED32B-9E5A-444C-93D1-B4D0BF5AB93D}.Debug|Any CPU.Build.0 = Debug|Any CPU
		{4EEED32B-9E5A-444C-93D1-B4D0BF5AB93D}.Release|Any CPU.ActiveCfg = Release|Any CPU
		{4EEED32B-9E5A-444C-93D1-B4D0BF5AB93D}.Release|Any CPU.Build.0 = Release|Any CPU
		{F02994F7-32A2-4D9D-9184-B55315003A77}.Debug|Any CPU.ActiveCfg = Debug|Any CPU
		{F02994F7-32A2-4D9D-9184-B55315003A77}.Debug|Any CPU.Build.0 = Debug|Any CPU
		{F02994F7-32A2-4D9D-9184-B55315003A77}.Release|Any CPU.ActiveCfg = Release|Any CPU
		{F02994F7-32A2-4D9D-9184-B55315003A77}.Release|Any CPU.Build.0 = Release|Any CPU
		{33450832-2032-4B58-B523-E456C985C4B0}.Debug|Any CPU.ActiveCfg = Debug|Any CPU
		{33450832-2032-4B58-B523-E456C985C4B0}.Debug|Any CPU.Build.0 = Debug|Any CPU
		{33450832-2032-4B58-B523-E456C985C4B0}.Release|Any CPU.ActiveCfg = Release|Any CPU
		{33450832-2032-4B58-B523-E456C985C4B0}.Release|Any CPU.Build.0 = Release|Any CPU
		{11462B2C-56BE-4021-84B3-CFC61F7F4EFA}.Debug|Any CPU.ActiveCfg = Debug|Any CPU
		{11462B2C-56BE-4021-84B3-CFC61F7F4EFA}.Debug|Any CPU.Build.0 = Debug|Any CPU
		{11462B2C-56BE-4021-84B3-CFC61F7F4EFA}.Release|Any CPU.ActiveCfg = Release|Any CPU
		{11462B2C-56BE-4021-84B3-CFC61F7F4EFA}.Release|Any CPU.Build.0 = Release|Any CPU
		{1FE29D4C-0D92-4CB5-90ED-73CCA64A01A3}.Debug|Any CPU.ActiveCfg = Debug|Any CPU
		{1FE29D4C-0D92-4CB5-90ED-73CCA64A01A3}.Debug|Any CPU.Build.0 = Debug|Any CPU
		{1FE29D4C-0D92-4CB5-90ED-73CCA64A01A3}.Release|Any CPU.ActiveCfg = Release|Any CPU
		{1FE29D4C-0D92-4CB5-90ED-73CCA64A01A3}.Release|Any CPU.Build.0 = Release|Any CPU
		{D9B8C51C-AAA3-4408-AFAB-8EDB61BD4713}.Debug|Any CPU.ActiveCfg = Debug|Any CPU
		{D9B8C51C-AAA3-4408-AFAB-8EDB61BD4713}.Debug|Any CPU.Build.0 = Debug|Any CPU
		{D9B8C51C-AAA3-4408-AFAB-8EDB61BD4713}.Release|Any CPU.ActiveCfg = Release|Any CPU
		{D9B8C51C-AAA3-4408-AFAB-8EDB61BD4713}.Release|Any CPU.Build.0 = Release|Any CPU
		{0B49CF96-EC0A-49EC-8D5B-0B5AE88F194C}.Debug|Any CPU.ActiveCfg = Debug|Any CPU
		{0B49CF96-EC0A-49EC-8D5B-0B5AE88F194C}.Debug|Any CPU.Build.0 = Debug|Any CPU
		{0B49CF96-EC0A-49EC-8D5B-0B5AE88F194C}.Release|Any CPU.ActiveCfg = Release|Any CPU
		{0B49CF96-EC0A-49EC-8D5B-0B5AE88F194C}.Release|Any CPU.Build.0 = Release|Any CPU
		{BA9DA7CA-6CDF-4692-8429-AB0B522E0A16}.Debug|Any CPU.ActiveCfg = Debug|Any CPU
		{BA9DA7CA-6CDF-4692-8429-AB0B522E0A16}.Debug|Any CPU.Build.0 = Debug|Any CPU
		{BA9DA7CA-6CDF-4692-8429-AB0B522E0A16}.Release|Any CPU.ActiveCfg = Release|Any CPU
		{BA9DA7CA-6CDF-4692-8429-AB0B522E0A16}.Release|Any CPU.Build.0 = Release|Any CPU
		{463786A2-95E9-4B2A-9F84-FDAE5A454454}.Debug|Any CPU.ActiveCfg = Debug|Any CPU
		{463786A2-95E9-4B2A-9F84-FDAE5A454454}.Debug|Any CPU.Build.0 = Debug|Any CPU
		{463786A2-95E9-4B2A-9F84-FDAE5A454454}.Release|Any CPU.ActiveCfg = Release|Any CPU
		{463786A2-95E9-4B2A-9F84-FDAE5A454454}.Release|Any CPU.Build.0 = Release|Any CPU
		{EED163A2-0231-470A-BB6F-1E6D587B96E5}.Debug|Any CPU.ActiveCfg = Debug|Any CPU
		{EED163A2-0231-470A-BB6F-1E6D587B96E5}.Debug|Any CPU.Build.0 = Debug|Any CPU
		{EED163A2-0231-470A-BB6F-1E6D587B96E5}.Release|Any CPU.ActiveCfg = Release|Any CPU
		{EED163A2-0231-470A-BB6F-1E6D587B96E5}.Release|Any CPU.Build.0 = Release|Any CPU
		{F9B3FEB0-CE45-4143-8814-2193D224C040}.Debug|Any CPU.ActiveCfg = Debug|Any CPU
		{F9B3FEB0-CE45-4143-8814-2193D224C040}.Debug|Any CPU.Build.0 = Debug|Any CPU
		{F9B3FEB0-CE45-4143-8814-2193D224C040}.Release|Any CPU.ActiveCfg = Release|Any CPU
		{F9B3FEB0-CE45-4143-8814-2193D224C040}.Release|Any CPU.Build.0 = Release|Any CPU
		{AE91EF10-A1E6-439D-A04F-21DF36CB60BC}.Debug|Any CPU.ActiveCfg = Debug|Any CPU
		{AE91EF10-A1E6-439D-A04F-21DF36CB60BC}.Debug|Any CPU.Build.0 = Debug|Any CPU
		{AE91EF10-A1E6-439D-A04F-21DF36CB60BC}.Release|Any CPU.ActiveCfg = Release|Any CPU
		{AE91EF10-A1E6-439D-A04F-21DF36CB60BC}.Release|Any CPU.Build.0 = Release|Any CPU
		{F0D4CD2C-BDF8-4BFF-9811-17B4D7B12810}.Debug|Any CPU.ActiveCfg = Debug|Any CPU
		{F0D4CD2C-BDF8-4BFF-9811-17B4D7B12810}.Debug|Any CPU.Build.0 = Debug|Any CPU
		{F0D4CD2C-BDF8-4BFF-9811-17B4D7B12810}.Release|Any CPU.ActiveCfg = Release|Any CPU
		{F0D4CD2C-BDF8-4BFF-9811-17B4D7B12810}.Release|Any CPU.Build.0 = Release|Any CPU
		{CC199EC0-EABB-4E91-917E-9E4440E85D0A}.Debug|Any CPU.ActiveCfg = Debug|Any CPU
		{CC199EC0-EABB-4E91-917E-9E4440E85D0A}.Debug|Any CPU.Build.0 = Debug|Any CPU
		{CC199EC0-EABB-4E91-917E-9E4440E85D0A}.Release|Any CPU.ActiveCfg = Release|Any CPU
		{CC199EC0-EABB-4E91-917E-9E4440E85D0A}.Release|Any CPU.Build.0 = Release|Any CPU
		{6F9D7B20-1DA5-441E-8F57-0448C065D3D0}.Debug|Any CPU.ActiveCfg = Debug|Any CPU
		{6F9D7B20-1DA5-441E-8F57-0448C065D3D0}.Debug|Any CPU.Build.0 = Debug|Any CPU
		{6F9D7B20-1DA5-441E-8F57-0448C065D3D0}.Release|Any CPU.ActiveCfg = Release|Any CPU
		{6F9D7B20-1DA5-441E-8F57-0448C065D3D0}.Release|Any CPU.Build.0 = Release|Any CPU
	EndGlobalSection
	GlobalSection(SolutionProperties) = preSolution
		HideSolutionNode = FALSE
	EndGlobalSection
	GlobalSection(NestedProjects) = preSolution
		{2337182D-889D-466F-915B-6C4A0E205DB2} = {F738F09E-3C90-41F2-9AEF-D57EE20B30AD}
		{4EEED32B-9E5A-444C-93D1-B4D0BF5AB93D} = {F738F09E-3C90-41F2-9AEF-D57EE20B30AD}
		{F02994F7-32A2-4D9D-9184-B55315003A77} = {45A1752E-C576-42B4-B3B5-6FD51A3E5DD3}
		{33450832-2032-4B58-B523-E456C985C4B0} = {45A1752E-C576-42B4-B3B5-6FD51A3E5DD3}
		{11462B2C-56BE-4021-84B3-CFC61F7F4EFA} = {45A1752E-C576-42B4-B3B5-6FD51A3E5DD3}
		{1FE29D4C-0D92-4CB5-90ED-73CCA64A01A3} = {45A1752E-C576-42B4-B3B5-6FD51A3E5DD3}
		{D9B8C51C-AAA3-4408-AFAB-8EDB61BD4713} = {45A1752E-C576-42B4-B3B5-6FD51A3E5DD3}
		{0B49CF96-EC0A-49EC-8D5B-0B5AE88F194C} = {45A1752E-C576-42B4-B3B5-6FD51A3E5DD3}
		{BA9DA7CA-6CDF-4692-8429-AB0B522E0A16} = {78E4D6AB-483E-4A47-8AC3-B7C7AA234C04}
		{463786A2-95E9-4B2A-9F84-FDAE5A454454} = {2284589E-ACEB-455D-9085-89BFB4EB1F1C}
		{EED163A2-0231-470A-BB6F-1E6D587B96E5} = {2284589E-ACEB-455D-9085-89BFB4EB1F1C}
		{F9B3FEB0-CE45-4143-8814-2193D224C040} = {45A1752E-C576-42B4-B3B5-6FD51A3E5DD3}
		{AE91EF10-A1E6-439D-A04F-21DF36CB60BC} = {45A1752E-C576-42B4-B3B5-6FD51A3E5DD3}
		{F0D4CD2C-BDF8-4BFF-9811-17B4D7B12810} = {45A1752E-C576-42B4-B3B5-6FD51A3E5DD3}
		{CC199EC0-EABB-4E91-917E-9E4440E85D0A} = {3561EA2A-5D33-4189-81AC-91334D5150BC}
		{6F9D7B20-1DA5-441E-8F57-0448C065D3D0} = {3561EA2A-5D33-4189-81AC-91334D5150BC}
	EndGlobalSection
	GlobalSection(ExtensibilityGlobals) = postSolution
		SolutionGuid = {923BE6CA-31CF-4753-82D6-544032C43C43}
	EndGlobalSection
EndGlobal
