
Microsoft Visual Studio Solution File, Format Version 12.00
# Visual Studio Version 16
VisualStudioVersion = 16.0.29613.14
MinimumVisualStudioVersion = 10.0.40219.1
Project("{2150E333-8FDC-42A3-9474-1A3956D46DE8}") = "01 Application", "01 Application", "{78E4D6AB-483E-4A47-8AC3-B7C7AA234C04}"
EndProject
Project("{2150E333-8FDC-42A3-9474-1A3956D46DE8}") = "02 Model", "02 Model", "{45A1752E-C576-42B4-B3B5-6FD51A3E5DD3}"
EndProject
Project("{2150E333-8FDC-42A3-9474-1A3956D46DE8}") = "03 Infrastructure", "03 Infrastructure", "{3561EA2A-5D33-4189-81AC-91334D5150BC}"
EndProject
Project("{2150E333-8FDC-42A3-9474-1A3956D46DE8}") = "04 Vertical", "04 Vertical", "{F738F09E-3C90-41F2-9AEF-D57EE20B30AD}"
EndProject
Project("{9A19103F-16F7-4668-BE54-9A1E7A4F7556}") = "Krino.Vertical.Utils", "Krino.Vertical.Utils\Krino.Vertical.Utils.csproj", "{2337182D-889D-466F-915B-6C4A0E205DB2}"
EndProject
Project("{9A19103F-16F7-4668-BE54-9A1E7A4F7556}") = "Krino.Vertical.Utils_Tests", "Krino.Vertical.Utils_Tests\Krino.Vertical.Utils_Tests.csproj", "{4EEED32B-9E5A-444C-93D1-B4D0BF5AB93D}"
EndProject
Project("{9A19103F-16F7-4668-BE54-9A1E7A4F7556}") = "Krino.Domain.ConstructiveAdpositionalGrammar", "Krino.Domain.ConstructiveAdpositionalGrammar\Krino.Domain.ConstructiveAdpositionalGrammar.csproj", "{F02994F7-32A2-4D9D-9184-B55315003A77}"
EndProject
Project("{9A19103F-16F7-4668-BE54-9A1E7A4F7556}") = "Krino.Domain.ConstructiveAdpositionalGrammar.Tests", "Krino.Domain.ConstructiveAdpositionalGrammar.Tests\Krino.Domain.ConstructiveAdpositionalGrammar.Tests.csproj", "{33450832-2032-4B58-B523-E456C985C4B0}"
EndProject
Project("{9A19103F-16F7-4668-BE54-9A1E7A4F7556}") = "Krino.GretaTest", "Krino.GretaTest\Krino.GretaTest.csproj", "{11462B2C-56BE-4021-84B3-CFC61F7F4EFA}"
EndProject
Global
	GlobalSection(SolutionConfigurationPlatforms) = preSolution
		Debug|Any CPU = Debug|Any CPU
		Release|Any CPU = Release|Any CPU
	EndGlobalSection
	GlobalSection(ProjectConfigurationPlatforms) = postSolution
		{2337182D-889D-466F-915B-6C4A0E205DB2}.Debug|Any CPU.ActiveCfg = Debug|Any CPU
		{2337182D-889D-466F-915B-6C4A0E205DB2}.Debug|Any CPU.Build.0 = Debug|Any CPU
		{2337182D-889D-466F-915B-6C4A0E205DB2}.Release|Any CPU.ActiveCfg = Release|Any CPU
		{2337182D-889D-466F-915B-6C4A0E205DB2}.Release|Any CPU.Build.0 = Release|Any CPU
		{4EEED32B-9E5A-444C-93D1-B4D0BF5AB93D}.Debug|Any CPU.ActiveCfg = Debug|Any CPU
		{4EEED32B-9E5A-444C-93D1-B4D0BF5AB93D}.Debug|Any CPU.Build.0 = Debug|Any CPU
		{4EEED32B-9E5A-444C-93D1-B4D0BF5AB93D}.Release|Any CPU.ActiveCfg = Release|Any CPU
		{4EEED32B-9E5A-444C-93D1-B4D0BF5AB93D}.Release|Any CPU.Build.0 = Release|Any CPU
		{F02994F7-32A2-4D9D-9184-B55315003A77}.Debug|Any CPU.ActiveCfg = Debug|Any CPU
		{F02994F7-32A2-4D9D-9184-B55315003A77}.Debug|Any CPU.Build.0 = Debug|Any CPU
		{F02994F7-32A2-4D9D-9184-B55315003A77}.Release|Any CPU.ActiveCfg = Release|Any CPU
		{F02994F7-32A2-4D9D-9184-B55315003A77}.Release|Any CPU.Build.0 = Release|Any CPU
		{33450832-2032-4B58-B523-E456C985C4B0}.Debug|Any CPU.ActiveCfg = Debug|Any CPU
		{33450832-2032-4B58-B523-E456C985C4B0}.Debug|Any CPU.Build.0 = Debug|Any CPU
		{33450832-2032-4B58-B523-E456C985C4B0}.Release|Any CPU.ActiveCfg = Release|Any CPU
		{33450832-2032-4B58-B523-E456C985C4B0}.Release|Any CPU.Build.0 = Release|Any CPU
		{11462B2C-56BE-4021-84B3-CFC61F7F4EFA}.Debug|Any CPU.ActiveCfg = Debug|Any CPU
		{11462B2C-56BE-4021-84B3-CFC61F7F4EFA}.Debug|Any CPU.Build.0 = Debug|Any CPU
		{11462B2C-56BE-4021-84B3-CFC61F7F4EFA}.Release|Any CPU.ActiveCfg = Release|Any CPU
		{11462B2C-56BE-4021-84B3-CFC61F7F4EFA}.Release|Any CPU.Build.0 = Release|Any CPU
	EndGlobalSection
	GlobalSection(SolutionProperties) = preSolution
		HideSolutionNode = FALSE
	EndGlobalSection
	GlobalSection(NestedProjects) = preSolution
		{2337182D-889D-466F-915B-6C4A0E205DB2} = {F738F09E-3C90-41F2-9AEF-D57EE20B30AD}
		{4EEED32B-9E5A-444C-93D1-B4D0BF5AB93D} = {F738F09E-3C90-41F2-9AEF-D57EE20B30AD}
		{F02994F7-32A2-4D9D-9184-B55315003A77} = {45A1752E-C576-42B4-B3B5-6FD51A3E5DD3}
		{33450832-2032-4B58-B523-E456C985C4B0} = {45A1752E-C576-42B4-B3B5-6FD51A3E5DD3}
		{11462B2C-56BE-4021-84B3-CFC61F7F4EFA} = {45A1752E-C576-42B4-B3B5-6FD51A3E5DD3}
	EndGlobalSection
	GlobalSection(ExtensibilityGlobals) = postSolution
		SolutionGuid = {923BE6CA-31CF-4753-82D6-544032C43C43}
	EndGlobalSection
EndGlobal
