
Microsoft Visual Studio Solution File, Format Version 12.00
# Visual Studio Version 16
VisualStudioVersion = 16.0.29613.14
MinimumVisualStudioVersion = 10.0.40219.1
Project("{2150E333-8FDC-42A3-9474-1A3956D46DE8}") = "01 Application", "01 Application", "{78E4D6AB-483E-4A47-8AC3-B7C7AA234C04}"
EndProject
Project("{2150E333-8FDC-42A3-9474-1A3956D46DE8}") = "02 Model", "02 Model", "{45A1752E-C576-42B4-B3B5-6FD51A3E5DD3}"
EndProject
Project("{2150E333-8FDC-42A3-9474-1A3956D46DE8}") = "03 Infrastructure", "03 Infrastructure", "{3561EA2A-5D33-4189-81AC-91334D5150BC}"
EndProject
Project("{2150E333-8FDC-42A3-9474-1A3956D46DE8}") = "04 Vertical", "04 Vertical", "{F738F09E-3C90-41F2-9AEF-D57EE20B30AD}"
EndProject
Global
	GlobalSection(SolutionProperties) = preSolution
		HideSolutionNode = FALSE
	EndGlobalSection
	GlobalSection(ExtensibilityGlobals) = postSolution
		SolutionGuid = {923BE6CA-31CF-4753-82D6-544032C43C43}
	EndGlobalSection
EndGlobal
